
Microsoft Visual Studio Solution File, Format Version 12.00
# Visual Studio Version 17
VisualStudioVersion = 17.0.31912.275
MinimumVisualStudioVersion = 10.0.40219.1
Project("{9A19103F-16F7-4668-BE54-9A1E7A4F7556}") = "Application", "Application\Application.csproj", "{D2DF9A40-64C2-42BB-A8CC-9802AC3D14C6}"
EndProject
Project("{9A19103F-16F7-4668-BE54-9A1E7A4F7556}") = "Domain", "Domain\Domain.csproj", "{74D431D7-8EC2-456E-A4D5-AE188195438E}"
EndProject
Project("{9A19103F-16F7-4668-BE54-9A1E7A4F7556}") = "TreeNodeApi", "API\TreeNodeApi.csproj", "{5F9941A0-9581-40D2-8772-245CD573D087}"
EndProject
Project("{FAE04EC0-301F-11D3-BF4B-00C04F79EFBC}") = "Persistence", "Persistence\Persistence.csproj", "{2107D39C-C4EB-465D-93D8-CE5D52AA6A7C}"
EndProject
Global
	GlobalSection(SolutionConfigurationPlatforms) = preSolution
		Debug|Any CPU = Debug|Any CPU
		Release|Any CPU = Release|Any CPU
	EndGlobalSection
	GlobalSection(ProjectConfigurationPlatforms) = postSolution
		{D2DF9A40-64C2-42BB-A8CC-9802AC3D14C6}.Debug|Any CPU.ActiveCfg = Debug|Any CPU
		{D2DF9A40-64C2-42BB-A8CC-9802AC3D14C6}.Debug|Any CPU.Build.0 = Debug|Any CPU
		{D2DF9A40-64C2-42BB-A8CC-9802AC3D14C6}.Release|Any CPU.ActiveCfg = Release|Any CPU
		{D2DF9A40-64C2-42BB-A8CC-9802AC3D14C6}.Release|Any CPU.Build.0 = Release|Any CPU
		{74D431D7-8EC2-456E-A4D5-AE188195438E}.Debug|Any CPU.ActiveCfg = Debug|Any CPU
		{74D431D7-8EC2-456E-A4D5-AE188195438E}.Debug|Any CPU.Build.0 = Debug|Any CPU
		{74D431D7-8EC2-456E-A4D5-AE188195438E}.Release|Any CPU.ActiveCfg = Release|Any CPU
		{74D431D7-8EC2-456E-A4D5-AE188195438E}.Release|Any CPU.Build.0 = Release|Any CPU
		{5F9941A0-9581-40D2-8772-245CD573D087}.Debug|Any CPU.ActiveCfg = Debug|Any CPU
		{5F9941A0-9581-40D2-8772-245CD573D087}.Debug|Any CPU.Build.0 = Debug|Any CPU
		{5F9941A0-9581-40D2-8772-245CD573D087}.Release|Any CPU.ActiveCfg = Release|Any CPU
		{5F9941A0-9581-40D2-8772-245CD573D087}.Release|Any CPU.Build.0 = Release|Any CPU
		{2107D39C-C4EB-465D-93D8-CE5D52AA6A7C}.Debug|Any CPU.ActiveCfg = Debug|Any CPU
		{2107D39C-C4EB-465D-93D8-CE5D52AA6A7C}.Debug|Any CPU.Build.0 = Debug|Any CPU
		{2107D39C-C4EB-465D-93D8-CE5D52AA6A7C}.Release|Any CPU.ActiveCfg = Release|Any CPU
		{2107D39C-C4EB-465D-93D8-CE5D52AA6A7C}.Release|Any CPU.Build.0 = Release|Any CPU
	EndGlobalSection
	GlobalSection(SolutionProperties) = preSolution
		HideSolutionNode = FALSE
	EndGlobalSection
	GlobalSection(ExtensibilityGlobals) = postSolution
		SolutionGuid = {68900E56-7B2A-4694-8E33-2B53B45F517E}
	EndGlobalSection
EndGlobal
